{
  "name": "filters",
  "version": "1.0.0",
  "lockfileVersion": 2,
  "requires": true,
  "packages": {
    "": {
      "name": "filters",
      "version": "1.0.0",
      "license": "UNLICENSE",
      "dependencies": {
        "@bevry/list": "^1.0.0"
      }
    },
    "node_modules/@bevry/list": {
      "version": "1.0.0",
      "resolved": "https://registry.npmjs.org/@bevry/list/-/list-1.0.0.tgz",
      "integrity": "sha512-b9zOz7erYemV0G4etXEjMrTLmO/Bu34jCLDwEmufVd+YKjZj6N3S3CfRpiP+tIH3GeVhSxqNzHI5R3ZGydTNBg==",
      "engines": {
        "node": ">=10"
      },
      "funding": {
        "url": "https://bevry.me/fund"
      }
    }
  },
  "dependencies": {
    "@bevry/list": {
      "version": "1.0.0",
      "resolved": "https://registry.npmjs.org/@bevry/list/-/list-1.0.0.tgz",
      "integrity": "sha512-b9zOz7erYemV0G4etXEjMrTLmO/Bu34jCLDwEmufVd+YKjZj6N3S3CfRpiP+tIH3GeVhSxqNzHI5R3ZGydTNBg=="
    }
  }
}
